Microsoft Visual Studio Solution File, Format Version 12.00
# Visual Studio Version 17
VisualStudioVersion = 17.5.2.0
MinimumVisualStudioVersion = 10.0.40219.1
Project("{FAE04EC0-301F-11D3-BF4B-00C04F79EFBC}") = "Inventory.API", "Inventory.API\Inventory.API.csproj", "{DFFA61B8-F2D3-D067-3013-189357AB4D95}"
EndProject
Project("{FAE04EC0-301F-11D3-BF4B-00C04F79EFBC}") = "Recipe.API", "Recipe.API\Recipe.API.csproj", "{939D58C9-2A2A-B009-19B3-2D1E92BB3CB4}"
EndProject
Global
	GlobalSection(SolutionConfigurationPlatforms) = preSolution
		Debug|Any CPU = Debug|Any CPU
		Release|Any CPU = Release|Any CPU
	EndGlobalSection
	GlobalSection(ProjectConfigurationPlatforms) = postSolution
		{DFFA61B8-F2D3-D067-3013-189357AB4D95}.Debug|Any CPU.ActiveCfg = Debug|Any CPU
		{DFFA61B8-F2D3-D067-3013-189357AB4D95}.Debug|Any CPU.Build.0 = Debug|Any CPU
		{DFFA61B8-F2D3-D067-3013-189357AB4D95}.Release|Any CPU.ActiveCfg = Release|Any CPU
		{DFFA61B8-F2D3-D067-3013-189357AB4D95}.Release|Any CPU.Build.0 = Release|Any CPU
		{939D58C9-2A2A-B009-19B3-2D1E92BB3CB4}.Debug|Any CPU.ActiveCfg = Debug|Any CPU
		{939D58C9-2A2A-B009-19B3-2D1E92BB3CB4}.Debug|Any CPU.Build.0 = Debug|Any CPU
		{939D58C9-2A2A-B009-19B3-2D1E92BB3CB4}.Release|Any CPU.ActiveCfg = Release|Any CPU
		{939D58C9-2A2A-B009-19B3-2D1E92BB3CB4}.Release|Any CPU.Build.0 = Release|Any CPU
	EndGlobalSection
	GlobalSection(SolutionProperties) = preSolution
		HideSolutionNode = FALSE
	EndGlobalSection
	GlobalSection(ExtensibilityGlobals) = postSolution
		SolutionGuid = {5D3AF443-0A72-43B1-A031-A9A6A734573D}
	EndGlobalSection
EndGlobal
